
Microsoft Visual Studio Solution File, Format Version 12.00
Project("{FAE04EC0-301F-11D3-BF4B-00C04F79EFBC}") = "Bai3", "Bai3\Bai3.csproj", "{C453843C-9CAC-4FDD-BA89-D7BFCB996FC3}"
EndProject
Global
	GlobalSection(SolutionConfigurationPlatforms) = preSolution
		Debug|Any CPU = Debug|Any CPU
		Release|Any CPU = Release|Any CPU
	EndGlobalSection
	GlobalSection(ProjectConfigurationPlatforms) = postSolution
		{C453843C-9CAC-4FDD-BA89-D7BFCB996FC3}.Debug|Any CPU.ActiveCfg = Debug|Any CPU
		{C453843C-9CAC-4FDD-BA89-D7BFCB996FC3}.Debug|Any CPU.Build.0 = Debug|Any CPU
		{C453843C-9CAC-4FDD-BA89-D7BFCB996FC3}.Release|Any CPU.ActiveCfg = Release|Any CPU
		{C453843C-9CAC-4FDD-BA89-D7BFCB996FC3}.Release|Any CPU.Build.0 = Release|Any CPU
	EndGlobalSection
EndGlobal
