
Microsoft Visual Studio Solution File, Format Version 12.00
Project("{FAE04EC0-301F-11D3-BF4B-00C04F79EFBC}") = "ExploreUTF8-16", "ExploreUTF8-16\ExploreUTF8-16.csproj", "{9C73E654-EC3C-4547-8DEC-5E9A9042F35C}"
EndProject
Global
	GlobalSection(SolutionConfigurationPlatforms) = preSolution
		Debug|Any CPU = Debug|Any CPU
		Release|Any CPU = Release|Any CPU
	EndGlobalSection
	GlobalSection(ProjectConfigurationPlatforms) = postSolution
		{9C73E654-EC3C-4547-8DEC-5E9A9042F35C}.Debug|Any CPU.ActiveCfg = Debug|Any CPU
		{9C73E654-EC3C-4547-8DEC-5E9A9042F35C}.Debug|Any CPU.Build.0 = Debug|Any CPU
		{9C73E654-EC3C-4547-8DEC-5E9A9042F35C}.Release|Any CPU.ActiveCfg = Release|Any CPU
		{9C73E654-EC3C-4547-8DEC-5E9A9042F35C}.Release|Any CPU.Build.0 = Release|Any CPU
	EndGlobalSection
EndGlobal
