
Microsoft Visual Studio Solution File, Format Version 12.00
Project("{FAE04EC0-301F-11D3-BF4B-00C04F79EFBC}") = "SwordDamageBlazor", "SwordDamageBlazor\SwordDamageBlazor.csproj", "{3550209F-8C39-4452-AFE7-A078DEC05200}"
EndProject
Global
	GlobalSection(SolutionConfigurationPlatforms) = preSolution
		Debug|Any CPU = Debug|Any CPU
		Release|Any CPU = Release|Any CPU
	EndGlobalSection
	GlobalSection(ProjectConfigurationPlatforms) = postSolution
		{3550209F-8C39-4452-AFE7-A078DEC05200}.Debug|Any CPU.ActiveCfg = Debug|Any CPU
		{3550209F-8C39-4452-AFE7-A078DEC05200}.Debug|Any CPU.Build.0 = Debug|Any CPU
		{3550209F-8C39-4452-AFE7-A078DEC05200}.Release|Any CPU.ActiveCfg = Release|Any CPU
		{3550209F-8C39-4452-AFE7-A078DEC05200}.Release|Any CPU.Build.0 = Release|Any CPU
	EndGlobalSection
EndGlobal
