
Microsoft Visual Studio Solution File, Format Version 12.00
Project("{FAE04EC0-301F-11D3-BF4B-00C04F79EFBC}") = "CommandLineArgs", "CommandLineArgs\CommandLineArgs.csproj", "{528BE292-366A-4111-B0B0-6952C5C51393}"
EndProject
Project("{FAE04EC0-301F-11D3-BF4B-00C04F79EFBC}") = "TestProject1", "TestProject1\TestProject1.csproj", "{B9B4B0F7-3E29-4411-B747-27925909F868}"
EndProject
Project("{FAE04EC0-301F-11D3-BF4B-00C04F79EFBC}") = "TestProject2", "TestProject2\TestProject2.csproj", "{636F50AD-642F-4EDB-B70F-128D39686F10}"
EndProject
Global
	GlobalSection(SolutionConfigurationPlatforms) = preSolution
		Debug|Any CPU = Debug|Any CPU
		Release|Any CPU = Release|Any CPU
	EndGlobalSection
	GlobalSection(ProjectConfigurationPlatforms) = postSolution
		{528BE292-366A-4111-B0B0-6952C5C51393}.Debug|Any CPU.ActiveCfg = Debug|Any CPU
		{528BE292-366A-4111-B0B0-6952C5C51393}.Debug|Any CPU.Build.0 = Debug|Any CPU
		{528BE292-366A-4111-B0B0-6952C5C51393}.Release|Any CPU.ActiveCfg = Release|Any CPU
		{528BE292-366A-4111-B0B0-6952C5C51393}.Release|Any CPU.Build.0 = Release|Any CPU
		{B9B4B0F7-3E29-4411-B747-27925909F868}.Debug|Any CPU.ActiveCfg = Debug|Any CPU
		{B9B4B0F7-3E29-4411-B747-27925909F868}.Debug|Any CPU.Build.0 = Debug|Any CPU
		{B9B4B0F7-3E29-4411-B747-27925909F868}.Release|Any CPU.ActiveCfg = Release|Any CPU
		{B9B4B0F7-3E29-4411-B747-27925909F868}.Release|Any CPU.Build.0 = Release|Any CPU
		{636F50AD-642F-4EDB-B70F-128D39686F10}.Debug|Any CPU.ActiveCfg = Debug|Any CPU
		{636F50AD-642F-4EDB-B70F-128D39686F10}.Debug|Any CPU.Build.0 = Debug|Any CPU
		{636F50AD-642F-4EDB-B70F-128D39686F10}.Release|Any CPU.ActiveCfg = Release|Any CPU
		{636F50AD-642F-4EDB-B70F-128D39686F10}.Release|Any CPU.Build.0 = Release|Any CPU
	EndGlobalSection
EndGlobal
